
Microsoft Visual Studio Solution File, Format Version 12.00
# Visual Studio Version 17
VisualStudioVersion = 17.2.32630.192
MinimumVisualStudioVersion = 10.0.40219.1
Project("{FAE04EC0-301F-11D3-BF4B-00C04F79EFBC}") = "Api_QLKhachSan_N2", "Api_QLKhachSan_N2\Api_QLKhachSan_N2.csproj", "{57CCE917-3574-4744-8363-C9C8F1041062}"
EndProject
Project("{2150E333-8FDC-42A3-9474-1A3956D46DE8}") = "Solution Items", "Solution Items", "{296E04C5-27CD-4DF0-B25C-9549CFF332CD}"
	ProjectSection(SolutionItems) = preProject
		.editorconfig = .editorconfig
	EndProjectSection
EndProject
Global
	GlobalSection(SolutionConfigurationPlatforms) = preSolution
		Debug|Any CPU = Debug|Any CPU
		Release|Any CPU = Release|Any CPU
	EndGlobalSection
	GlobalSection(ProjectConfigurationPlatforms) = postSolution
		{57CCE917-3574-4744-8363-C9C8F1041062}.Debug|Any CPU.ActiveCfg = Debug|Any CPU
		{57CCE917-3574-4744-8363-C9C8F1041062}.Debug|Any CPU.Build.0 = Debug|Any CPU
		{57CCE917-3574-4744-8363-C9C8F1041062}.Release|Any CPU.ActiveCfg = Release|Any CPU
		{57CCE917-3574-4744-8363-C9C8F1041062}.Release|Any CPU.Build.0 = Release|Any CPU
	EndGlobalSection
	GlobalSection(SolutionProperties) = preSolution
		HideSolutionNode = FALSE
	EndGlobalSection
	GlobalSection(ExtensibilityGlobals) = postSolution
		SolutionGuid = {E31CD736-F5F1-4667-9C21-C66A50D68524}
	EndGlobalSection
EndGlobal
